
Microsoft Visual Studio Solution File, Format Version 12.00
# Visual Studio 15
VisualStudioVersion = 15.0.27130.2036
MinimumVisualStudioVersion = 10.0.40219.1
Project("{FAE04EC0-301F-11D3-BF4B-00C04F79EFBC}") = "SS.Magazine", "SS.Magazine.csproj", "{8C694F9D-E25D-495E-BB4A-F95DE6815921}"
EndProject
Global
	GlobalSection(SolutionConfigurationPlatforms) = preSolution
		Debug|Any CPU = Debug|Any CPU
		Release|Any CPU = Release|Any CPU
	EndGlobalSection
	GlobalSection(ProjectConfigurationPlatforms) = postSolution
		{8C694F9D-E25D-495E-BB4A-F95DE6815921}.Debug|Any CPU.ActiveCfg = Debug|Any CPU
		{8C694F9D-E25D-495E-BB4A-F95DE6815921}.Debug|Any CPU.Build.0 = Debug|Any CPU
		{8C694F9D-E25D-495E-BB4A-F95DE6815921}.Release|Any CPU.ActiveCfg = Release|Any CPU
		{8C694F9D-E25D-495E-BB4A-F95DE6815921}.Release|Any CPU.Build.0 = Release|Any CPU
	EndGlobalSection
	GlobalSection(SolutionProperties) = preSolution
		HideSolutionNode = FALSE
	EndGlobalSection
	GlobalSection(ExtensibilityGlobals) = postSolution
		SolutionGuid = {367B1862-B10A-48CF-9D46-CBACF999F6AD}
	EndGlobalSection
EndGlobal
